# THIS IS AN AUTOGENERATED FILE. DO NOT EDIT THIS FILE DIRECTLY.
# yarn lockfile v1


codemirror@5.29.0:
  version "5.29.0"
  resolved "https://registry.yarnpkg.com/codemirror/-/codemirror-5.29.0.tgz#e68de1350e2f0ce804a3930576d0ae318736e967"

react-codemirror2@^1.0.0:
  version "1.0.0"
  resolved "https://registry.yarnpkg.com/react-codemirror2/-/react-codemirror2-1.0.0.tgz#b529a6c5c91219f92c751f43a17721cdaf36b05f"
  dependencies:
    codemirror "5.29.0"
